
Microsoft Visual Studio Solution File, Format Version 12.00
# Visual Studio 15
VisualStudioVersion = 15.0.26124.0
MinimumVisualStudioVersion = 15.0.26124.0
Project("{FAE04EC0-301F-11D3-BF4B-00C04F79EFBC}") = "API", "API\API.csproj", "{87DB6801-AB99-4977-94FA-BEAAD53D9075}"
EndProject
Project("{FAE04EC0-301F-11D3-BF4B-00C04F79EFBC}") = "Core", "Core\Core.csproj", "{CD69EC61-B7EF-43D0-8D05-AD307080524C}"
EndProject
Project("{FAE04EC0-301F-11D3-BF4B-00C04F79EFBC}") = "Infrastructure", "Infrastructure\Infrastructure.csproj", "{BD07C8A1-9E89-47C3-B1A8-53148007DDEE}"
EndProject
Global
	GlobalSection(SolutionConfigurationPlatforms) = preSolution
		Debug|Any CPU = Debug|Any CPU
		Debug|x64 = Debug|x64
		Debug|x86 = Debug|x86
		Release|Any CPU = Release|Any CPU
		Release|x64 = Release|x64
		Release|x86 = Release|x86
	EndGlobalSection
	GlobalSection(SolutionProperties) = preSolution
		HideSolutionNode = FALSE
	EndGlobalSection
	GlobalSection(ProjectConfigurationPlatforms) = postSolution
		{87DB6801-AB99-4977-94FA-BEAAD53D9075}.Debug|Any CPU.ActiveCfg = Debug|Any CPU
		{87DB6801-AB99-4977-94FA-BEAAD53D9075}.Debug|Any CPU.Build.0 = Debug|Any CPU
		{87DB6801-AB99-4977-94FA-BEAAD53D9075}.Debug|x64.ActiveCfg = Debug|Any CPU
		{87DB6801-AB99-4977-94FA-BEAAD53D9075}.Debug|x64.Build.0 = Debug|Any CPU
		{87DB6801-AB99-4977-94FA-BEAAD53D9075}.Debug|x86.ActiveCfg = Debug|Any CPU
		{87DB6801-AB99-4977-94FA-BEAAD53D9075}.Debug|x86.Build.0 = Debug|Any CPU
		{87DB6801-AB99-4977-94FA-BEAAD53D9075}.Release|Any CPU.ActiveCfg = Release|Any CPU
		{87DB6801-AB99-4977-94FA-BEAAD53D9075}.Release|Any CPU.Build.0 = Release|Any CPU
		{87DB6801-AB99-4977-94FA-BEAAD53D9075}.Release|x64.ActiveCfg = Release|Any CPU
		{87DB6801-AB99-4977-94FA-BEAAD53D9075}.Release|x64.Build.0 = Release|Any CPU
		{87DB6801-AB99-4977-94FA-BEAAD53D9075}.Release|x86.ActiveCfg = Release|Any CPU
		{87DB6801-AB99-4977-94FA-BEAAD53D9075}.Release|x86.Build.0 = Release|Any CPU
		{CD69EC61-B7EF-43D0-8D05-AD307080524C}.Debug|Any CPU.ActiveCfg = Debug|Any CPU
		{CD69EC61-B7EF-43D0-8D05-AD307080524C}.Debug|Any CPU.Build.0 = Debug|Any CPU
		{CD69EC61-B7EF-43D0-8D05-AD307080524C}.Debug|x64.ActiveCfg = Debug|Any CPU
		{CD69EC61-B7EF-43D0-8D05-AD307080524C}.Debug|x64.Build.0 = Debug|Any CPU
		{CD69EC61-B7EF-43D0-8D05-AD307080524C}.Debug|x86.ActiveCfg = Debug|Any CPU
		{CD69EC61-B7EF-43D0-8D05-AD307080524C}.Debug|x86.Build.0 = Debug|Any CPU
		{CD69EC61-B7EF-43D0-8D05-AD307080524C}.Release|Any CPU.ActiveCfg = Release|Any CPU
		{CD69EC61-B7EF-43D0-8D05-AD307080524C}.Release|Any CPU.Build.0 = Release|Any CPU
		{CD69EC61-B7EF-43D0-8D05-AD307080524C}.Release|x64.ActiveCfg = Release|Any CPU
		{CD69EC61-B7EF-43D0-8D05-AD307080524C}.Release|x64.Build.0 = Release|Any CPU
		{CD69EC61-B7EF-43D0-8D05-AD307080524C}.Release|x86.ActiveCfg = Release|Any CPU
		{CD69EC61-B7EF-43D0-8D05-AD307080524C}.Release|x86.Build.0 = Release|Any CPU
		{BD07C8A1-9E89-47C3-B1A8-53148007DDEE}.Debug|Any CPU.ActiveCfg = Debug|Any CPU
		{BD07C8A1-9E89-47C3-B1A8-53148007DDEE}.Debug|Any CPU.Build.0 = Debug|Any CPU
		{BD07C8A1-9E89-47C3-B1A8-53148007DDEE}.Debug|x64.ActiveCfg = Debug|Any CPU
		{BD07C8A1-9E89-47C3-B1A8-53148007DDEE}.Debug|x64.Build.0 = Debug|Any CPU
		{BD07C8A1-9E89-47C3-B1A8-53148007DDEE}.Debug|x86.ActiveCfg = Debug|Any CPU
		{BD07C8A1-9E89-47C3-B1A8-53148007DDEE}.Debug|x86.Build.0 = Debug|Any CPU
		{BD07C8A1-9E89-47C3-B1A8-53148007DDEE}.Release|Any CPU.ActiveCfg = Release|Any CPU
		{BD07C8A1-9E89-47C3-B1A8-53148007DDEE}.Release|Any CPU.Build.0 = Release|Any CPU
		{BD07C8A1-9E89-47C3-B1A8-53148007DDEE}.Release|x64.ActiveCfg = Release|Any CPU
		{BD07C8A1-9E89-47C3-B1A8-53148007DDEE}.Release|x64.Build.0 = Release|Any CPU
		{BD07C8A1-9E89-47C3-B1A8-53148007DDEE}.Release|x86.ActiveCfg = Release|Any CPU
		{BD07C8A1-9E89-47C3-B1A8-53148007DDEE}.Release|x86.Build.0 = Release|Any CPU
	EndGlobalSection
EndGlobal
